
Microsoft Visual Studio Solution File, Format Version 12.00
# Visual Studio Version 17
VisualStudioVersion = 17.8.34330.188
MinimumVisualStudioVersion = 10.0.40219.1
Project("{9A19103F-16F7-4668-BE54-9A1E7A4F7556}") = "LinkBox", "LinkBox.csproj", "{92097524-9560-4B46-B640-6A3D7A8994EB}"
EndProject
Project("{2150E333-8FDC-42A3-9474-1A3956D46DE8}") = "解决方案项", "解决方案项", "{00AC0DD1-70D5-4690-A183-9319079F29F4}"
	ProjectSection(SolutionItems) = preProject
		.github\workflows\docker-image.yml = .github\workflows\docker-image.yml
	EndProjectSection
EndProject
Global
	GlobalSection(SolutionConfigurationPlatforms) = preSolution
		Debug|Any CPU = Debug|Any CPU
		Release|Any CPU = Release|Any CPU
	EndGlobalSection
	GlobalSection(ProjectConfigurationPlatforms) = postSolution
		{92097524-9560-4B46-B640-6A3D7A8994EB}.Debug|Any CPU.ActiveCfg = Debug|Any CPU
		{92097524-9560-4B46-B640-6A3D7A8994EB}.Debug|Any CPU.Build.0 = Debug|Any CPU
		{92097524-9560-4B46-B640-6A3D7A8994EB}.Release|Any CPU.ActiveCfg = Release|Any CPU
		{92097524-9560-4B46-B640-6A3D7A8994EB}.Release|Any CPU.Build.0 = Release|Any CPU
	EndGlobalSection
	GlobalSection(SolutionProperties) = preSolution
		HideSolutionNode = FALSE
	EndGlobalSection
	GlobalSection(ExtensibilityGlobals) = postSolution
		SolutionGuid = {F800A44B-82EE-43A2-A61A-1BAD964E8750}
	EndGlobalSection
EndGlobal
